<?xml version="1.0" encoding="utf-8"?>
<Project ToolsVersion="4.0" xmlns="http://schemas.microsoft.com/developer/msbuild/2003">
  <ItemGroup>
    <ClCompile Include="main.cpp" />
    <ClCompile Include="CBaseTask.cpp">
      <Filter>task</Filter>
    </ClCompile>
    <ClCompile Include="CTaskFactory.cpp">
      <Filter>task</Filter>
    </ClCompile>
    <ClCompile Include="CLoginTask.cpp">
      <Filter>task</Filter>
    </ClCompile>
    <ClCompile Include="CHostAddress.cpp">
      <Filter>netserver</Filter>
    </ClCompile>
    <ClCompile Include="CTcpServer.cpp">
      <Filter>netserver</Filter>
    </ClCompile>
    <ClCompile Include="CBaseSocket.cpp">
      <Filter>netserver</Filter>
    </ClCompile>
    <ClCompile Include="DataManager.cpp" />
    <ClCompile Include="SendCodeTask.cpp">
      <Filter>task</Filter>
    </ClCompile>
    <ClCompile Include="CTools.cpp">
      <Filter>tools</Filter>
    </ClCompile>
    <ClCompile Include="CThreadPool.cpp">
      <Filter>tools</Filter>
    </ClCompile>
    <ClCompile Include="IPCManager.cpp">
      <Filter>tools</Filter>
    </ClCompile>
    <ClCompile Include="MessageCodeSender.cpp">
      <Filter>tools</Filter>
    </ClCompile>
    <ClCompile Include="RrConfig.cpp">
      <Filter>tools</Filter>
    </ClCompile>
    <ClCompile Include="CReadShmTask.cpp">
      <Filter>task</Filter>
    </ClCompile>
    <ClCompile Include="RegisterTask.cpp">
      <Filter>task</Filter>
    </ClCompile>
    <ClCompile Include="CFileUploadTask.cpp">
      <Filter>task</Filter>
    </ClCompile>
    <ClCompile Include="CEpollServer.cpp">
      <Filter>netserver</Filter>
    </ClCompile>
    <ClCompile Include="CFileCheckTask.cpp">
      <Filter>task</Filter>
    </ClCompile>
    <ClCompile Include="CSendBackTask.cpp">
      <Filter>task</Filter>
    </ClCompile>
    <ClCompile Include="CCarEntryTask.cpp">
      <Filter>task</Filter>
    </ClCompile>
    <ClCompile Include="CCarLeaveTask.cpp">
      <Filter>task</Filter>
    </ClCompile>
    <ClCompile Include="CAgreeLeaveTask.cpp">
      <Filter>task</Filter>
    </ClCompile>
  </ItemGroup>
  <ItemGroup>
    <ClInclude Include="CBaseTask.h">
      <Filter>task</Filter>
    </ClInclude>
    <ClInclude Include="CTaskFactory.h">
      <Filter>task</Filter>
    </ClInclude>
    <ClInclude Include="CHostAddress.h">
      <Filter>netserver</Filter>
    </ClInclude>
    <ClInclude Include="CTcpServer.h">
      <Filter>netserver</Filter>
    </ClInclude>
    <ClInclude Include="CEpollServer.h">
      <Filter>netserver</Filter>
    </ClInclude>
    <ClInclude Include="CBaseSocket.h">
      <Filter>netserver</Filter>
    </ClInclude>
    <ClInclude Include="protocol.h">
      <Filter>netserver</Filter>
    </ClInclude>
    <ClInclude Include="DataManager.h" />
    <ClInclude Include="RegisterTask.h">
      <Filter>task</Filter>
    </ClInclude>
    <ClInclude Include="SendCodeTask.h">
      <Filter>task</Filter>
    </ClInclude>
    <ClInclude Include="CTools.h">
      <Filter>tools</Filter>
    </ClInclude>
    <ClInclude Include="CThreadPool.h">
      <Filter>tools</Filter>
    </ClInclude>
    <ClInclude Include="IPCManager.h">
      <Filter>tools</Filter>
    </ClInclude>
    <ClInclude Include="MessageCodeSender.h">
      <Filter>tools</Filter>
    </ClInclude>
    <ClInclude Include="RrConfig.h">
      <Filter>tools</Filter>
    </ClInclude>
    <ClInclude Include="CLoginTask.h">
      <Filter>task</Filter>
    </ClInclude>
    <ClInclude Include="CReadShmTask.h">
      <Filter>task</Filter>
    </ClInclude>
    <ClInclude Include="CFileUploadTask.h">
      <Filter>task</Filter>
    </ClInclude>
    <ClInclude Include="CFileCheckTask.h">
      <Filter>task</Filter>
    </ClInclude>
    <ClInclude Include="CSendBackTask.h">
      <Filter>task</Filter>
    </ClInclude>
    <ClInclude Include="CCarEntryTask.h">
      <Filter>task</Filter>
    </ClInclude>
    <ClInclude Include="CCarLeaveTask.h">
      <Filter>task</Filter>
    </ClInclude>
    <ClInclude Include="CAgreeLeaveTask.h">
      <Filter>task</Filter>
    </ClInclude>
  </ItemGroup>
  <ItemGroup>
    <Filter Include="task">
      <UniqueIdentifier>{b42fc615-1dbc-4dc8-a815-90743d3dfd9b}</UniqueIdentifier>
    </Filter>
    <Filter Include="netserver">
      <UniqueIdentifier>{a81f7c34-cbc6-4b63-a688-734cedb46128}</UniqueIdentifier>
    </Filter>
    <Filter Include="tools">
      <UniqueIdentifier>{f272e5a5-3231-4067-b58b-f01c67eb42f9}</UniqueIdentifier>
    </Filter>
  </ItemGroup>
</Project>